
Microsoft Visual Studio Solution File, Format Version 12.00
# Visual Studio Version 17
VisualStudioVersion = 17.8.34330.188
MinimumVisualStudioVersion = 10.0.40219.1
Project("{FAE04EC0-301F-11D3-BF4B-00C04F79EFBC}") = "Ploomes.API", "Ploomes.API\Ploomes.API.csproj", "{A72E8292-E0D7-46BA-842B-F3816C497DE7}"
EndProject
Global
	GlobalSection(SolutionConfigurationPlatforms) = preSolution
		Debug|Any CPU = Debug|Any CPU
		Release|Any CPU = Release|Any CPU
	EndGlobalSection
	GlobalSection(ProjectConfigurationPlatforms) = postSolution
		{A72E8292-E0D7-46BA-842B-F3816C497DE7}.Debug|Any CPU.ActiveCfg = Debug|Any CPU
		{A72E8292-E0D7-46BA-842B-F3816C497DE7}.Debug|Any CPU.Build.0 = Debug|Any CPU
		{A72E8292-E0D7-46BA-842B-F3816C497DE7}.Release|Any CPU.ActiveCfg = Release|Any CPU
		{A72E8292-E0D7-46BA-842B-F3816C497DE7}.Release|Any CPU.Build.0 = Release|Any CPU
	EndGlobalSection
	GlobalSection(SolutionProperties) = preSolution
		HideSolutionNode = FALSE
	EndGlobalSection
	GlobalSection(ExtensibilityGlobals) = postSolution
		SolutionGuid = {686A3367-8105-4B79-867D-A771ACBB25BD}
	EndGlobalSection
EndGlobal
